
Microsoft Visual Studio Solution File, Format Version 12.00
# Visual Studio Version 17
VisualStudioVersion = 17.14.36518.9 d17.14
MinimumVisualStudioVersion = 10.0.40219.1
Project("{FAE04EC0-301F-11D3-BF4B-00C04F79EFBC}") = "Ason.Maui.Template", "Ason.Maui.Template\Ason.Maui.Template.csproj", "{C5539B3B-B564-2E48-2DF4-07FCAB66DB42}"
EndProject
Project("{FAE04EC0-301F-11D3-BF4B-00C04F79EFBC}") = "Ason.Maui.Template.Server", "Ason.Maui.Template.Server\Ason.Maui.Template.Server.csproj", "{D1C0DA9C-B126-23F2-73D7-41BA261CD500}"
EndProject
Global
	GlobalSection(SolutionConfigurationPlatforms) = preSolution
		Debug|Any CPU = Debug|Any CPU
		Release|Any CPU = Release|Any CPU
	EndGlobalSection
	GlobalSection(ProjectConfigurationPlatforms) = postSolution
		{C5539B3B-B564-2E48-2DF4-07FCAB66DB42}.Debug|Any CPU.ActiveCfg = Debug|Any CPU
		{C5539B3B-B564-2E48-2DF4-07FCAB66DB42}.Debug|Any CPU.Build.0 = Debug|Any CPU
		{C5539B3B-B564-2E48-2DF4-07FCAB66DB42}.Debug|Any CPU.Deploy.0 = Debug|Any CPU
		{C5539B3B-B564-2E48-2DF4-07FCAB66DB42}.Release|Any CPU.ActiveCfg = Release|Any CPU
		{C5539B3B-B564-2E48-2DF4-07FCAB66DB42}.Release|Any CPU.Build.0 = Release|Any CPU
		{D1C0DA9C-B126-23F2-73D7-41BA261CD500}.Debug|Any CPU.ActiveCfg = Debug|Any CPU
		{D1C0DA9C-B126-23F2-73D7-41BA261CD500}.Debug|Any CPU.Build.0 = Debug|Any CPU
		{D1C0DA9C-B126-23F2-73D7-41BA261CD500}.Release|Any CPU.ActiveCfg = Release|Any CPU
		{D1C0DA9C-B126-23F2-73D7-41BA261CD500}.Release|Any CPU.Build.0 = Release|Any CPU
	EndGlobalSection
	GlobalSection(SolutionProperties) = preSolution
		HideSolutionNode = FALSE
	EndGlobalSection
	GlobalSection(ExtensibilityGlobals) = postSolution
		SolutionGuid = {156E8A4F-7630-4CE8-887B-5B2333EB84BE}
	EndGlobalSection
EndGlobal
